{
  "name": "drosera-workshop-3",
  "lockfileVersion": 3,
  "requires": true,
  "packages": {
    "": {
      "name": "drosera-workshop-3",
      "dependencies": {
        "contracts": "https://github.com/drosera-network/contracts",
        "forge-std": "github:foundry-rs/forge-std#v1.9.7"
      }
    },
    "node_modules/contracts": {
      "name": "@drosera/contracts",
      "version": "2.0.0",
      "resolved": "git+ssh://git@github.com/drosera-network/contracts.git#3726d82f291914c79308fa458c95a556cc7debb0",
      "license": "MIT"
    },
    "node_modules/forge-std": {
      "version": "1.9.7",
      "resolved": "git+ssh://git@github.com/foundry-rs/forge-std.git#77041d2ce690e692d6e03cc812b57d1ddaa4d505",
      "license": "(Apache-2.0 OR MIT)"
    }
  }
}
